{
  "name": "users",
  "requires": true,
  "lockfileVersion": 1,
  "dependencies": {
    "js-md5": {
      "version": "0.7.3",
      "resolved": "https://registry.npmjs.org/js-md5/-/js-md5-0.7.3.tgz",
      "integrity": "sha512-ZC41vPSTLKGwIRjqDh8DfXoCrdQIyBgspJVPXHBGu4nZlAEvG3nf+jO9avM9RmLiGakg7vz974ms99nEV0tmTQ=="
    },
    "uni-open-bridge-common": {
      "version": "file:../../../uni_modules/uni-open-bridge-common/uniCloud/cloudfunctions/common/uni-open-bridge-common",
      "requires": {
        "uni-config-center": "file:../../../uni_modules/uni-config-center/uniCloud/cloudfunctions/common/uni-config-center"
      },
      "dependencies": {
        "uni-config-center": {
          "version": "file:../../../uni_modules/uni-config-center/uniCloud/cloudfunctions/common/uni-config-center"
        }
      }
    }
  }
}
